PODS:
  - Alamofire (5.6.4)
  - CocoaLumberjack (3.8.0):
    - CocoaLumberjack/Core (= 3.8.0)
  - CocoaLumberjack/Core (3.8.0)
  - Differentiator (5.0.0)
  - FLEX (5.22.10)
  - HCYFrameWork (0.1.14):
    - Alamofire (~> 5.6.2)
    - FLEX
    - IQKeyboardManagerSwift (~> 6.5.10)
    - Kingfisher (~> 7.3.2)
    - MJRefresh (~> 3.7.5)
    - RxCocoa (~> 6.5.0)
    - RxDataSources (~> 5.0.0)
    - RxSwift (~> 6.5.0)
    - SnapKit (~> 5.6.0)
    - SVGKit (~> 3.0.0)
    - SVProgressHUD (~> 2.2.5)
  - IQKeyboardManagerSwift (6.5.10)
  - Kingfisher (7.3.2)
  - MJRefresh (3.7.5)
  - RxCocoa (6.5.0):
    - RxRelay (= 6.5.0)
    - RxSwift (= 6.5.0)
  - RxDataSources (5.0.0):
    - Differentiator (~> 5.0)
    - RxCocoa (~> 6.0)
    - RxSwift (~> 6.0)
  - RxRelay (6.5.0):
    - RxSwift (= 6.5.0)
  - RxSwift (6.5.0)
  - SnapKit (5.6.0)
  - SVGKit (3.0.0):
    - CocoaLumberjack (~> 3.0)
  - SVProgressHUD (2.2.5)

DEPENDENCIES:
  - HCYFrameWork (from `../`)

SPEC REPOS:
  trunk:
    - Alamofire
    - CocoaLumberjack
    - Differentiator
    - FLEX
    - IQKeyboardManagerSwift
    - Kingfisher
    - MJRefresh
    - RxCocoa
    - RxDataSources
    - RxRelay
    - RxSwift
    - SnapKit
    - SVGKit
    - SVProgressHUD

EXTERNAL SOURCES:
  HCYFrameWork:
    :path: "../"

SPEC CHECKSUMS:
  Alamofire: 4e95d97098eacb88856099c4fc79b526a299e48c
  CocoaLumberjack: 78abfb691154e2a9df8ded4350d504ee19d90732
  Differentiator: e8497ceab83c1b10ca233716d547b9af21b9344d
  FLEX: f21ee4f498eed3f8a1eded66b21939fd3b7a22ce
  HCYFrameWork: 56a2c1af9480530ec84683f93e942967fe370d11
  IQKeyboardManagerSwift: 52962c76ab33532f15ad9f3ff4e5715eda5335bb
  Kingfisher: 0086ad83719761ba9b2cdaf6ef4d5b4878cbae23
  MJRefresh: fdf5e979eb406a0341468932d1dfc8b7f9fce961
  RxCocoa: 94f817b71c07517321eb4f9ad299112ca8af743b
  RxDataSources: aa47cc1ed6c500fa0dfecac5c979b723542d79cf
  RxRelay: 1de1523e604c72b6c68feadedd1af3b1b4d0ecbd
  RxSwift: 5710a9e6b17f3c3d6e40d6e559b9fa1e813b2ef8
  SnapKit: e01d52ebb8ddbc333eefe2132acf85c8227d9c25
  SVGKit: 1ad7513f8c74d9652f94ed64ddecda1a23864dea
  SVProgressHUD: 1428aafac632c1f86f62aa4243ec12008d7a51d6

PODFILE CHECKSUM: ba01c79bd961420bdbff38e108a26c4bcff2e6b9

COCOAPODS: 1.11.3
